// !$*UTF8*$!
{
	archiveVersion = 1;
	classes = {
	};
	objectVersion = 48;
	objects = {

/* Begin PBXBuildFile section */
		5606E470200F23BB006BE229 /* StorageService.swift in Sources */ = {isa = PBXBuildFile; fileRef = 5606E46F200F23BB006BE229 /* StorageService.swift */; };
		561343D220161AB600B32303 /* DoubleExt.swift in Sources */ = {isa = PBXBuildFile; fileRef = 561343D120161AB600B32303 /* DoubleExt.swift */; };
		5613FE711FFA08D200E65514 /* AddItemsVC.swift in Sources */ = {isa = PBXBuildFile; fileRef = 5613FE701FFA08D200E65514 /* AddItemsVC.swift */; };
		5613FE731FFA463500E65514 /* AddItemCell.swift in Sources */ = {isa = PBXBuildFile; fileRef = 5613FE721FFA463500E65514 /* AddItemCell.swift */; };
		5617B96B1FFB97E500836FCA /* CustomUIImageView.swift in Sources */ = {isa = PBXBuildFile; fileRef = 5617B96A1FFB97E500836FCA /* CustomUIImageView.swift */; };
		5617B96E1FFB98B000836FCA /* GroupsVC.swift in Sources */ = {isa = PBXBuildFile; fileRef = 5617B96D1FFB98B000836FCA /* GroupsVC.swift */; };
		5617B9701FFB98D800836FCA /* GroupsCell.swift in Sources */ = {isa = PBXBuildFile; fileRef = 5617B96F1FFB98D800836FCA /* GroupsCell.swift */; };
		5617B9721FFBA26400836FCA /* CustomSearchTextField.swift in Sources */ = {isa = PBXBuildFile; fileRef = 5617B9711FFBA26400836FCA /* CustomSearchTextField.swift */; };
		5617B9741FFBAA6300836FCA /* SearchUserVC.swift in Sources */ = {isa = PBXBuildFile; fileRef = 5617B9731FFBAA6300836FCA /* SearchUserVC.swift */; };
		5617B9761FFBAAF300836FCA /* SearchUserCell.swift in Sources */ = {isa = PBXBuildFile; fileRef = 5617B9751FFBAAF300836FCA /* SearchUserCell.swift */; };
		561AEDEB200CE888001AD183 /* CustomUIButton.swift in Sources */ = {isa = PBXBuildFile; fileRef = 561AEDEA200CE888001AD183 /* CustomUIButton.swift */; };
		562292DD20024CAE00437282 /* MoreVC.swift in Sources */ = {isa = PBXBuildFile; fileRef = 562292DC20024CAE00437282 /* MoreVC.swift */; };
		562B13921FF7CCFC00323E3F /* AppDelegate.swift in Sources */ = {isa = PBXBuildFile; fileRef = 562B13911FF7CCFC00323E3F /* AppDelegate.swift */; };
		562B13941FF7CCFC00323E3F /* HomeVC.swift in Sources */ = {isa = PBXBuildFile; fileRef = 562B13931FF7CCFC00323E3F /* HomeVC.swift */; };
		562B13971FF7CCFC00323E3F /* Main.storyboard in Resources */ = {isa = PBXBuildFile; fileRef = 562B13951FF7CCFC00323E3F /* Main.storyboard */; };
		562B139A1FF7CCFC00323E3F /* groChecklist.xcdatamodeld in Sources */ = {isa = PBXBuildFile; fileRef = 562B13981FF7CCFC00323E3F /* groChecklist.xcdatamodeld */; };
		562B139C1FF7CCFC00323E3F /* Assets.xcassets in Resources */ = {isa = PBXBuildFile; fileRef = 562B139B1FF7CCFC00323E3F /* Assets.xcassets */; };
		562B139F1FF7CCFC00323E3F /* LaunchScreen.storyboard in Resources */ = {isa = PBXBuildFile; fileRef = 562B139D1FF7CCFC00323E3F /* LaunchScreen.storyboard */; };
		5635BDC52013515900794DB5 /* ImageDownloadService.swift in Sources */ = {isa = PBXBuildFile; fileRef = 5635BDC42013515900794DB5 /* ImageDownloadService.swift */; };
		564CD490201BA28D00DBCB61 /* Media.xcassets in Resources */ = {isa = PBXBuildFile; fileRef = 564CD48F201BA28D00DBCB61 /* Media.xcassets */; };
		565466B51FFB7260006D6FE3 /* CustomUITextField.swift in Sources */ = {isa = PBXBuildFile; fileRef = 565466B41FFB7260006D6FE3 /* CustomUITextField.swift */; };
		565A35061FFF6A5100E30E4C /* ViewItemsVC.swift in Sources */ = {isa = PBXBuildFile; fileRef = 565A35051FFF6A5100E30E4C /* ViewItemsVC.swift */; };
		565A35081FFF6B4400E30E4C /* ViewItemsCell.swift in Sources */ = {isa = PBXBuildFile; fileRef = 565A35071FFF6B4400E30E4C /* ViewItemsCell.swift */; };
		5663C7152006161B003D3C62 /* MoreCell.swift in Sources */ = {isa = PBXBuildFile; fileRef = 5663C7142006161B003D3C62 /* MoreCell.swift */; };
		566837E5200E32410035F98C /* UIViewControllerExt.swift in Sources */ = {isa = PBXBuildFile; fileRef = 566837E4200E32410035F98C /* UIViewControllerExt.swift */; };
		566D596220038DDA0022FFC6 /* GroceryItems.swift in Sources */ = {isa = PBXBuildFile; fileRef = 566D596120038DDA0022FFC6 /* GroceryItems.swift */; };
		566D59662003A01D0022FFC6 /* Groups.swift in Sources */ = {isa = PBXBuildFile; fileRef = 566D59652003A01D0022FFC6 /* Groups.swift */; };
		566E93AB203C255F00EA4A6A /* UIImageExt.swift in Sources */ = {isa = PBXBuildFile; fileRef = 566E93AA203C255F00EA4A6A /* UIImageExt.swift */; };
		568C653920021D3B009CDFB3 /* AuthService.swift in Sources */ = {isa = PBXBuildFile; fileRef = 568C653820021D3B009CDFB3 /* AuthService.swift */; };
		568C653B20021D50009CDFB3 /* DataService.swift in Sources */ = {isa = PBXBuildFile; fileRef = 568C653A20021D50009CDFB3 /* DataService.swift */; };
		568C653D20021DFF009CDFB3 /* GoogleService-Info.plist in Resources */ = {isa = PBXBuildFile; fileRef = 568C653C20021DFF009CDFB3 /* GoogleService-Info.plist */; };
		568C6542200225D4009CDFB3 /* LoginVC.swift in Sources */ = {isa = PBXBuildFile; fileRef = 568C6541200225D4009CDFB3 /* LoginVC.swift */; };
		568C65442002268F009CDFB3 /* EmailLoginVC.swift in Sources */ = {isa = PBXBuildFile; fileRef = 568C65432002268F009CDFB3 /* EmailLoginVC.swift */; };
		56908849200A004C00D2CA0F /* MyMembersVC.swift in Sources */ = {isa = PBXBuildFile; fileRef = 56908848200A004C00D2CA0F /* MyMembersVC.swift */; };
		5690884B200A007C00D2CA0F /* MyMembersCell.swift in Sources */ = {isa = PBXBuildFile; fileRef = 5690884A200A007C00D2CA0F /* MyMembersCell.swift */; };
		5696652F1FF8C4F3002E7EC5 /* CustomUIView.swift in Sources */ = {isa = PBXBuildFile; fileRef = 5696652E1FF8C4F3002E7EC5 /* CustomUIView.swift */; };
		569665331FF8DD33002E7EC5 /* HomeCell.swift in Sources */ = {isa = PBXBuildFile; fileRef = 569665321FF8DD33002E7EC5 /* HomeCell.swift */; };
		56A44D8C2015FCB70078B3CB /* NSLayoutConstraintExt.swift in Sources */ = {isa = PBXBuildFile; fileRef = 56A44D8B2015FCB70078B3CB /* NSLayoutConstraintExt.swift */; };
		56A91D9C1FFA73CB00DDA001 /* KeyboardLayoutConstraint.swift in Sources */ = {isa = PBXBuildFile; fileRef = 56A91D9B1FFA73CB00DDA001 /* KeyboardLayoutConstraint.swift */; };
		56ADA5E92008D43800F4FE71 /* FriendList.swift in Sources */ = {isa = PBXBuildFile; fileRef = 56ADA5E82008D43800F4FE71 /* FriendList.swift */; };
		56BAD67120133A3600EFB572 /* Users.swift in Sources */ = {isa = PBXBuildFile; fileRef = 56BAD67020133A3600EFB572 /* Users.swift */; };
		56D6F7FB2008BA9A000B60B7 /* AddUsersVC.swift in Sources */ = {isa = PBXBuildFile; fileRef = 56D6F7FA2008BA9A000B60B7 /* AddUsersVC.swift */; };
		56D6F7FF2008BE4F000B60B7 /* AddUserCell.swift in Sources */ = {isa = PBXBuildFile; fileRef = 56D6F7FE2008BE4F000B60B7 /* AddUserCell.swift */; };
		56DFB236203D71B800D198F8 /* ResetPasswordVC.swift in Sources */ = {isa = PBXBuildFile; fileRef = 56DFB235203D71B800D198F8 /* ResetPasswordVC.swift */; };
		56DFE7072004B42000353D25 /* ViewGroupItems.swift in Sources */ = {isa = PBXBuildFile; fileRef = 56DFE7062004B42000353D25 /* ViewGroupItems.swift */; };
		56DFE7092004B4E000353D25 /* ViewGroupItemsCell.swift in Sources */ = {isa = PBXBuildFile; fileRef = 56DFE7082004B4E000353D25 /* ViewGroupItemsCell.swift */; };
		56EE17F21FFE212400CA34EC /* ColorGradientView.swift in Sources */ = {isa = PBXBuildFile; fileRef = 56EE17F11FFE212400CA34EC /* ColorGradientView.swift */; };
		56F075A22014C191008D1CE4 /* UIImageViewExt.swift in Sources */ = {isa = PBXBuildFile; fileRef = 56F075A12014C191008D1CE4 /* UIImageViewExt.swift */; };
		73EC8CFE52920D95C90C8C15 /* Pods_groChecklist.framework in Frameworks */ = {isa = PBXBuildFile; fileRef = B687EA0E25F1062C36FF596C /* Pods_groChecklist.framework */; };
/* End PBXBuildFile section */

/* Begin PBXFileReference section */
		3E50FCD510834182754B2A9C /* Pods-groChecklist.release.xcconfig */ = {isa = PBXFileReference; includeInIndex = 1; lastKnownFileType = text.xcconfig; name = "Pods-groChecklist.release.xcconfig"; path = "Pods/Target Support Files/Pods-groChecklist/Pods-groChecklist.release.xcconfig"; sourceTree = "<group>"; };
		5606E46F200F23BB006BE229 /* StorageService.swift */ = {isa = PBXFileReference; lastKnownFileType = sourcecode.swift; path = StorageService.swift; sourceTree = "<group>"; };
		561343D120161AB600B32303 /* DoubleExt.swift */ = {isa = PBXFileReference; lastKnownFileType = sourcecode.swift; path = DoubleExt.swift; sourceTree = "<group>"; };
		5613FE701FFA08D200E65514 /* AddItemsVC.swift */ = {isa = PBXFileReference; lastKnownFileType = sourcecode.swift; path = AddItemsVC.swift; sourceTree = "<group>"; };
		5613FE721FFA463500E65514 /* AddItemCell.swift */ = {isa = PBXFileReference; lastKnownFileType = sourcecode.swift; path = AddItemCell.swift; sourceTree = "<group>"; };
		5617B96A1FFB97E500836FCA /* CustomUIImageView.swift */ = {isa = PBXFileReference; lastKnownFileType = sourcecode.swift; path = CustomUIImageView.swift; sourceTree = "<group>"; };
		5617B96D1FFB98B000836FCA /* GroupsVC.swift */ = {isa = PBXFileReference; lastKnownFileType = sourcecode.swift; path = GroupsVC.swift; sourceTree = "<group>"; };
		5617B96F1FFB98D800836FCA /* GroupsCell.swift */ = {isa = PBXFileReference; lastKnownFileType = sourcecode.swift; path = GroupsCell.swift; sourceTree = "<group>"; };
		5617B9711FFBA26400836FCA /* CustomSearchTextField.swift */ = {isa = PBXFileReference; lastKnownFileType = sourcecode.swift; path = CustomSearchTextField.swift; sourceTree = "<group>"; };
		5617B9731FFBAA6300836FCA /* SearchUserVC.swift */ = {isa = PBXFileReference; lastKnownFileType = sourcecode.swift; path = SearchUserVC.swift; sourceTree = "<group>"; };
		5617B9751FFBAAF300836FCA /* SearchUserCell.swift */ = {isa = PBXFileReference; lastKnownFileType = sourcecode.swift; path = SearchUserCell.swift; sourceTree = "<group>"; };
		561AEDEA200CE888001AD183 /* CustomUIButton.swift */ = {isa = PBXFileReference; lastKnownFileType = sourcecode.swift; path = CustomUIButton.swift; sourceTree = "<group>"; };
		562292DC20024CAE00437282 /* MoreVC.swift */ = {isa = PBXFileReference; lastKnownFileType = sourcecode.swift; path = MoreVC.swift; sourceTree = "<group>"; };
		562B138E1FF7CCFC00323E3F /* groChecklist.app */ = {isa = PBXFileReference; explicitFileType = wrapper.application; includeInIndex = 0; path = groChecklist.app; sourceTree = BUILT_PRODUCTS_DIR; };
		562B13911FF7CCFC00323E3F /* AppDelegate.swift */ = {isa = PBXFileReference; lastKnownFileType = sourcecode.swift; path = AppDelegate.swift; sourceTree = "<group>"; };
		562B13931FF7CCFC00323E3F /* HomeVC.swift */ = {isa = PBXFileReference; lastKnownFileType = sourcecode.swift; path = HomeVC.swift; sourceTree = "<group>"; };
		562B13961FF7CCFC00323E3F /* Base */ = {isa = PBXFileReference; lastKnownFileType = file.storyboard; name = Base; path = Base.lproj/Main.storyboard; sourceTree = "<group>"; };
		562B13991FF7CCFC00323E3F /* groChecklist.xcdatamodel */ = {isa = PBXFileReference; lastKnownFileType = wrapper.xcdatamodel; path = groChecklist.xcdatamodel; sourceTree = "<group>"; };
		562B139B1FF7CCFC00323E3F /* Assets.xcassets */ = {isa = PBXFileReference; lastKnownFileType = folder.assetcatalog; path = Assets.xcassets; sourceTree = "<group>"; };
		562B139E1FF7CCFC00323E3F /* Base */ = {isa = PBXFileReference; lastKnownFileType = file.storyboard; name = Base; path = Base.lproj/LaunchScreen.storyboard; sourceTree = "<group>"; };
		562B13A01FF7CCFC00323E3F /* Info.plist */ = {isa = PBXFileReference; lastKnownFileType = text.plist.xml; path = Info.plist; sourceTree = "<group>"; };
		5635BDC42013515900794DB5 /* ImageDownloadService.swift */ = {isa = PBXFileReference; lastKnownFileType = sourcecode.swift; path = ImageDownloadService.swift; sourceTree = "<group>"; };
		564CD48F201BA28D00DBCB61 /* Media.xcassets */ = {isa = PBXFileReference; lastKnownFileType = folder.assetcatalog; path = Media.xcassets; sourceTree = "<group>"; };
		565466B41FFB7260006D6FE3 /* CustomUITextField.swift */ = {isa = PBXFileReference; lastKnownFileType = sourcecode.swift; path = CustomUITextField.swift; sourceTree = "<group>"; };
		565A35051FFF6A5100E30E4C /* ViewItemsVC.swift */ = {isa = PBXFileReference; lastKnownFileType = sourcecode.swift; path = ViewItemsVC.swift; sourceTree = "<group>"; };
		565A35071FFF6B4400E30E4C /* ViewItemsCell.swift */ = {isa = PBXFileReference; lastKnownFileType = sourcecode.swift; path = ViewItemsCell.swift; sourceTree = "<group>"; };
		5663C7142006161B003D3C62 /* MoreCell.swift */ = {isa = PBXFileReference; lastKnownFileType = sourcecode.swift; path = MoreCell.swift; sourceTree = "<group>"; };
		566837E4200E32410035F98C /* UIViewControllerExt.swift */ = {isa = PBXFileReference; lastKnownFileType = sourcecode.swift; path = UIViewControllerExt.swift; sourceTree = "<group>"; };
		566D596120038DDA0022FFC6 /* GroceryItems.swift */ = {isa = PBXFileReference; lastKnownFileType = sourcecode.swift; path = GroceryItems.swift; sourceTree = "<group>"; };
		566D59652003A01D0022FFC6 /* Groups.swift */ = {isa = PBXFileReference; lastKnownFileType = sourcecode.swift; path = Groups.swift; sourceTree = "<group>"; };
		566E93AA203C255F00EA4A6A /* UIImageExt.swift */ = {isa = PBXFileReference; lastKnownFileType = sourcecode.swift; path = UIImageExt.swift; sourceTree = "<group>"; };
		568C653820021D3B009CDFB3 /* AuthService.swift */ = {isa = PBXFileReference; lastKnownFileType = sourcecode.swift; path = AuthService.swift; sourceTree = "<group>"; };
		568C653A20021D50009CDFB3 /* DataService.swift */ = {isa = PBXFileReference; lastKnownFileType = sourcecode.swift; path = DataService.swift; sourceTree = "<group>"; };
		568C653C20021DFF009CDFB3 /* GoogleService-Info.plist */ = {isa = PBXFileReference; fileEncoding = 4; lastKnownFileType = text.plist.xml; path = "GoogleService-Info.plist"; sourceTree = "<group>"; };
		568C6541200225D4009CDFB3 /* LoginVC.swift */ = {isa = PBXFileReference; lastKnownFileType = sourcecode.swift; path = LoginVC.swift; sourceTree = "<group>"; };
		568C65432002268F009CDFB3 /* EmailLoginVC.swift */ = {isa = PBXFileReference; lastKnownFileType = sourcecode.swift; path = EmailLoginVC.swift; sourceTree = "<group>"; };
		56908848200A004C00D2CA0F /* MyMembersVC.swift */ = {isa = PBXFileReference; lastKnownFileType = sourcecode.swift; path = MyMembersVC.swift; sourceTree = "<group>"; };
		5690884A200A007C00D2CA0F /* MyMembersCell.swift */ = {isa = PBXFileReference; lastKnownFileType = sourcecode.swift; path = MyMembersCell.swift; sourceTree = "<group>"; };
		5696652E1FF8C4F3002E7EC5 /* CustomUIView.swift */ = {isa = PBXFileReference; lastKnownFileType = sourcecode.swift; path = CustomUIView.swift; sourceTree = "<group>"; };
		569665321FF8DD33002E7EC5 /* HomeCell.swift */ = {isa = PBXFileReference; lastKnownFileType = sourcecode.swift; path = HomeCell.swift; sourceTree = "<group>"; };
		56A44D8B2015FCB70078B3CB /* NSLayoutConstraintExt.swift */ = {isa = PBXFileReference; lastKnownFileType = sourcecode.swift; path = NSLayoutConstraintExt.swift; sourceTree = "<group>"; };
		56A91D9B1FFA73CB00DDA001 /* KeyboardLayoutConstraint.swift */ = {isa = PBXFileReference; lastKnownFileType = sourcecode.swift; path = KeyboardLayoutConstraint.swift; sourceTree = "<group>"; };
		56ADA5E82008D43800F4FE71 /* FriendList.swift */ = {isa = PBXFileReference; lastKnownFileType = sourcecode.swift; path = FriendList.swift; sourceTree = "<group>"; };
		56BAD67020133A3600EFB572 /* Users.swift */ = {isa = PBXFileReference; lastKnownFileType = sourcecode.swift; path = Users.swift; sourceTree = "<group>"; };
		56D6F7FA2008BA9A000B60B7 /* AddUsersVC.swift */ = {isa = PBXFileReference; lastKnownFileType = sourcecode.swift; path = AddUsersVC.swift; sourceTree = "<group>"; };
		56D6F7FE2008BE4F000B60B7 /* AddUserCell.swift */ = {isa = PBXFileReference; lastKnownFileType = sourcecode.swift; path = AddUserCell.swift; sourceTree = "<group>"; };
		56DFB235203D71B800D198F8 /* ResetPasswordVC.swift */ = {isa = PBXFileReference; lastKnownFileType = sourcecode.swift; path = ResetPasswordVC.swift; sourceTree = "<group>"; };
		56DFE7062004B42000353D25 /* ViewGroupItems.swift */ = {isa = PBXFileReference; lastKnownFileType = sourcecode.swift; path = ViewGroupItems.swift; sourceTree = "<group>"; };
		56DFE7082004B4E000353D25 /* ViewGroupItemsCell.swift */ = {isa = PBXFileReference; lastKnownFileType = sourcecode.swift; path = ViewGroupItemsCell.swift; sourceTree = "<group>"; };
		56EE17F11FFE212400CA34EC /* ColorGradientView.swift */ = {isa = PBXFileReference; lastKnownFileType = sourcecode.swift; path = ColorGradientView.swift; sourceTree = "<group>"; };
		56F075A12014C191008D1CE4 /* UIImageViewExt.swift */ = {isa = PBXFileReference; lastKnownFileType = sourcecode.swift; path = UIImageViewExt.swift; sourceTree = "<group>"; };
		81797BC50F8621E033349F6D /* Pods-groChecklist.debug.xcconfig */ = {isa = PBXFileReference; includeInIndex = 1; lastKnownFileType = text.xcconfig; name = "Pods-groChecklist.debug.xcconfig"; path = "Pods/Target Support Files/Pods-groChecklist/Pods-groChecklist.debug.xcconfig"; sourceTree = "<group>"; };
		B687EA0E25F1062C36FF596C /* Pods_groChecklist.framework */ = {isa = PBXFileReference; explicitFileType = wrapper.framework; includeInIndex = 0; path = Pods_groChecklist.framework; sourceTree = BUILT_PRODUCTS_DIR; };
/* End PBXFileReference section */

/* Begin PBXFrameworksBuildPhase section */
		562B138B1FF7CCFC00323E3F /* Frameworks */ = {
			isa = PBXFrameworksBuildPhase;
			buildActionMask = 2147483647;
			files = (
				73EC8CFE52920D95C90C8C15 /* Pods_groChecklist.framework in Frameworks */,
			);
			runOnlyForDeploymentPostprocessing = 0;
		};
/* End PBXFrameworksBuildPhase section */

/* Begin PBXGroup section */
		064A29C2388468B0F9A3B5F2 /* Frameworks */ = {
			isa = PBXGroup;
			children = (
				B687EA0E25F1062C36FF596C /* Pods_groChecklist.framework */,
			);
			name = Frameworks;
			sourceTree = "<group>";
		};
		5613FE6D1FFA06FA00E65514 /* Extension */ = {
			isa = PBXGroup;
			children = (
				566837E4200E32410035F98C /* UIViewControllerExt.swift */,
				56F075A12014C191008D1CE4 /* UIImageViewExt.swift */,
				56A44D8B2015FCB70078B3CB /* NSLayoutConstraintExt.swift */,
				561343D120161AB600B32303 /* DoubleExt.swift */,
				566E93AA203C255F00EA4A6A /* UIImageExt.swift */,
			);
			path = Extension;
			sourceTree = "<group>";
		};
		562B13851FF7CCFC00323E3F = {
			isa = PBXGroup;
			children = (
				562B13901FF7CCFC00323E3F /* groChecklist */,
				562B138F1FF7CCFC00323E3F /* Products */,
				5E535E532CC1E7CF943DC612 /* Pods */,
				064A29C2388468B0F9A3B5F2 /* Frameworks */,
			);
			sourceTree = "<group>";
		};
		562B138F1FF7CCFC00323E3F /* Products */ = {
			isa = PBXGroup;
			children = (
				562B138E1FF7CCFC00323E3F /* groChecklist.app */,
			);
			name = Products;
			sourceTree = "<group>";
		};
		562B13901FF7CCFC00323E3F /* groChecklist */ = {
			isa = PBXGroup;
			children = (
				568C653720021D11009CDFB3 /* Services */,
				5613FE6D1FFA06FA00E65514 /* Extension */,
				562B13A91FF7CD1D00323E3F /* Controller */,
				562B13A81FF7CD1900323E3F /* View */,
				562B13A61FF7CD0500323E3F /* Model */,
				562B13911FF7CCFC00323E3F /* AppDelegate.swift */,
				562B13951FF7CCFC00323E3F /* Main.storyboard */,
				562B139B1FF7CCFC00323E3F /* Assets.xcassets */,
				564CD48F201BA28D00DBCB61 /* Media.xcassets */,
				562B139D1FF7CCFC00323E3F /* LaunchScreen.storyboard */,
				562B13A01FF7CCFC00323E3F /* Info.plist */,
				568C653C20021DFF009CDFB3 /* GoogleService-Info.plist */,
				562B13981FF7CCFC00323E3F /* groChecklist.xcdatamodeld */,
			);
			path = groChecklist;
			sourceTree = "<group>";
		};
		562B13A61FF7CD0500323E3F /* Model */ = {
			isa = PBXGroup;
			children = (
				566D596120038DDA0022FFC6 /* GroceryItems.swift */,
				566D59652003A01D0022FFC6 /* Groups.swift */,
				56ADA5E82008D43800F4FE71 /* FriendList.swift */,
				56BAD67020133A3600EFB572 /* Users.swift */,
			);
			path = Model;
			sourceTree = "<group>";
		};
		562B13A81FF7CD1900323E3F /* View */ = {
			isa = PBXGroup;
			children = (
				569665321FF8DD33002E7EC5 /* HomeCell.swift */,
				5613FE721FFA463500E65514 /* AddItemCell.swift */,
				5617B96F1FFB98D800836FCA /* GroupsCell.swift */,
				5617B9751FFBAAF300836FCA /* SearchUserCell.swift */,
				565A35071FFF6B4400E30E4C /* ViewItemsCell.swift */,
				56DFE7082004B4E000353D25 /* ViewGroupItemsCell.swift */,
				56D6F7FE2008BE4F000B60B7 /* AddUserCell.swift */,
				5663C7142006161B003D3C62 /* MoreCell.swift */,
				5690884A200A007C00D2CA0F /* MyMembersCell.swift */,
				5696652E1FF8C4F3002E7EC5 /* CustomUIView.swift */,
				56A91D9B1FFA73CB00DDA001 /* KeyboardLayoutConstraint.swift */,
				565466B41FFB7260006D6FE3 /* CustomUITextField.swift */,
				5617B96A1FFB97E500836FCA /* CustomUIImageView.swift */,
				5617B9711FFBA26400836FCA /* CustomSearchTextField.swift */,
				56EE17F11FFE212400CA34EC /* ColorGradientView.swift */,
				561AEDEA200CE888001AD183 /* CustomUIButton.swift */,
			);
			path = View;
			sourceTree = "<group>";
		};
		562B13A91FF7CD1D00323E3F /* Controller */ = {
			isa = PBXGroup;
			children = (
				562B13931FF7CCFC00323E3F /* HomeVC.swift */,
				5613FE701FFA08D200E65514 /* AddItemsVC.swift */,
				5617B96D1FFB98B000836FCA /* GroupsVC.swift */,
				5617B9731FFBAA6300836FCA /* SearchUserVC.swift */,
				565A35051FFF6A5100E30E4C /* ViewItemsVC.swift */,
				568C6541200225D4009CDFB3 /* LoginVC.swift */,
				568C65432002268F009CDFB3 /* EmailLoginVC.swift */,
				56DFB235203D71B800D198F8 /* ResetPasswordVC.swift */,
				56DFE7062004B42000353D25 /* ViewGroupItems.swift */,
				562292DC20024CAE00437282 /* MoreVC.swift */,
				56D6F7FA2008BA9A000B60B7 /* AddUsersVC.swift */,
				56908848200A004C00D2CA0F /* MyMembersVC.swift */,
			);
			path = Controller;
			sourceTree = "<group>";
		};
		568C653720021D11009CDFB3 /* Services */ = {
			isa = PBXGroup;
			children = (
				568C653820021D3B009CDFB3 /* AuthService.swift */,
				568C653A20021D50009CDFB3 /* DataService.swift */,
				5606E46F200F23BB006BE229 /* StorageService.swift */,
				5635BDC42013515900794DB5 /* ImageDownloadService.swift */,
			);
			path = Services;
			sourceTree = "<group>";
		};
		5E535E532CC1E7CF943DC612 /* Pods */ = {
			isa = PBXGroup;
			children = (
				81797BC50F8621E033349F6D /* Pods-groChecklist.debug.xcconfig */,
				3E50FCD510834182754B2A9C /* Pods-groChecklist.release.xcconfig */,
			);
			name = Pods;
			sourceTree = "<group>";
		};
/* End PBXGroup section */

/* Begin PBXNativeTarget section */
		562B138D1FF7CCFC00323E3F /* groChecklist */ = {
			isa = PBXNativeTarget;
			buildConfigurationList = 562B13A31FF7CCFC00323E3F /* Build configuration list for PBXNativeTarget "groChecklist" */;
			buildPhases = (
				AA0F9D3758351C0F2B1ECB65 /* [CP] Check Pods Manifest.lock */,
				562B138A1FF7CCFC00323E3F /* Sources */,
				562B138B1FF7CCFC00323E3F /* Frameworks */,
				562B138C1FF7CCFC00323E3F /* Resources */,
				EEFB6431B969281D4EEEC928 /* [CP] Embed Pods Frameworks */,
				436E79FE6FD8EC53CCD1A385 /* [CP] Copy Pods Resources */,
			);
			buildRules = (
			);
			dependencies = (
			);
			name = groChecklist;
			productName = groChecklist;
			productReference = 562B138E1FF7CCFC00323E3F /* groChecklist.app */;
			productType = "com.apple.product-type.application";
		};
/* End PBXNativeTarget section */

/* Begin PBXProject section */
		562B13861FF7CCFC00323E3F /* Project object */ = {
			isa = PBXProject;
			attributes = {
				LastSwiftUpdateCheck = 0920;
				LastUpgradeCheck = 0920;
				ORGANIZATIONNAME = "Sakar Pokhrel";
				TargetAttributes = {
					562B138D1FF7CCFC00323E3F = {
						CreatedOnToolsVersion = 9.2;
						ProvisioningStyle = Automatic;
					};
				};
			};
			buildConfigurationList = 562B13891FF7CCFC00323E3F /* Build configuration list for PBXProject "groChecklist" */;
			compatibilityVersion = "Xcode 8.0";
			developmentRegion = en;
			hasScannedForEncodings = 0;
			knownRegions = (
				en,
				Base,
			);
			mainGroup = 562B13851FF7CCFC00323E3F;
			productRefGroup = 562B138F1FF7CCFC00323E3F /* Products */;
			projectDirPath = "";
			projectRoot = "";
			targets = (
				562B138D1FF7CCFC00323E3F /* groChecklist */,
			);
		};
/* End PBXProject section */

/* Begin PBXResourcesBuildPhase section */
		562B138C1FF7CCFC00323E3F /* Resources */ = {
			isa = PBXResourcesBuildPhase;
			buildActionMask = 2147483647;
			files = (
				564CD490201BA28D00DBCB61 /* Media.xcassets in Resources */,
				562B139F1FF7CCFC00323E3F /* LaunchScreen.storyboard in Resources */,
				568C653D20021DFF009CDFB3 /* GoogleService-Info.plist in Resources */,
				562B139C1FF7CCFC00323E3F /* Assets.xcassets in Resources */,
				562B13971FF7CCFC00323E3F /* Main.storyboard in Resources */,
			);
			runOnlyForDeploymentPostprocessing = 0;
		};
/* End PBXResourcesBuildPhase section */

/* Begin PBXShellScriptBuildPhase section */
		436E79FE6FD8EC53CCD1A385 /* [CP] Copy Pods Resources */ = {
			isa = PBXShellScriptBuildPhase;
			buildActionMask = 2147483647;
			files = (
			);
			inputPaths = (
			);
			name = "[CP] Copy Pods Resources";
			outputPaths = (
			);
			runOnlyForDeploymentPostprocessing = 0;
			shellPath = /bin/sh;
			shellScript = "\"${SRCROOT}/Pods/Target Support Files/Pods-groChecklist/Pods-groChecklist-resources.sh\"\n";
			showEnvVarsInLog = 0;
		};
		AA0F9D3758351C0F2B1ECB65 /* [CP] Check Pods Manifest.lock */ = {
			isa = PBXShellScriptBuildPhase;
			buildActionMask = 2147483647;
			files = (
			);
			inputPaths = (
			);
			name = "[CP] Check Pods Manifest.lock";
			outputPaths = (
			);
			runOnlyForDeploymentPostprocessing = 0;
			shellPath = /bin/sh;
			shellScript = "diff \"${PODS_ROOT}/../Podfile.lock\" \"${PODS_ROOT}/Manifest.lock\" > /dev/null\nif [ $? != 0 ] ; then\n    # print error to STDERR\n    echo \"error: The sandbox is not in sync with the Podfile.lock. Run 'pod install' or update your CocoaPods installation.\" >&2\n    exit 1\nfi\n";
			showEnvVarsInLog = 0;
		};
		EEFB6431B969281D4EEEC928 /* [CP] Embed Pods Frameworks */ = {
			isa = PBXShellScriptBuildPhase;
			buildActionMask = 2147483647;
			files = (
			);
			inputPaths = (
			);
			name = "[CP] Embed Pods Frameworks";
			outputPaths = (
			);
			runOnlyForDeploymentPostprocessing = 0;
			shellPath = /bin/sh;
			shellScript = "\"${SRCROOT}/Pods/Target Support Files/Pods-groChecklist/Pods-groChecklist-frameworks.sh\"\n";
			showEnvVarsInLog = 0;
		};
/* End PBXShellScriptBuildPhase section */

/* Begin PBXSourcesBuildPhase section */
		562B138A1FF7CCFC00323E3F /* Sources */ = {
			isa = PBXSourcesBuildPhase;
			buildActionMask = 2147483647;
			files = (
				56D6F7FF2008BE4F000B60B7 /* AddUserCell.swift in Sources */,
				5663C7152006161B003D3C62 /* MoreCell.swift in Sources */,
				566837E5200E32410035F98C /* UIViewControllerExt.swift in Sources */,
				5606E470200F23BB006BE229 /* StorageService.swift in Sources */,
				56DFB236203D71B800D198F8 /* ResetPasswordVC.swift in Sources */,
				561343D220161AB600B32303 /* DoubleExt.swift in Sources */,
				56DFE7072004B42000353D25 /* ViewGroupItems.swift in Sources */,
				568C6542200225D4009CDFB3 /* LoginVC.swift in Sources */,
				562B139A1FF7CCFC00323E3F /* groChecklist.xcdatamodeld in Sources */,
				5613FE711FFA08D200E65514 /* AddItemsVC.swift in Sources */,
				56EE17F21FFE212400CA34EC /* ColorGradientView.swift in Sources */,
				562292DD20024CAE00437282 /* MoreVC.swift in Sources */,
				5696652F1FF8C4F3002E7EC5 /* CustomUIView.swift in Sources */,
				56A44D8C2015FCB70078B3CB /* NSLayoutConstraintExt.swift in Sources */,
				566D596220038DDA0022FFC6 /* GroceryItems.swift in Sources */,
				56DFE7092004B4E000353D25 /* ViewGroupItemsCell.swift in Sources */,
				56D6F7FB2008BA9A000B60B7 /* AddUsersVC.swift in Sources */,
				5690884B200A007C00D2CA0F /* MyMembersCell.swift in Sources */,
				5635BDC52013515900794DB5 /* ImageDownloadService.swift in Sources */,
				5617B9761FFBAAF300836FCA /* SearchUserCell.swift in Sources */,
				565A35061FFF6A5100E30E4C /* ViewItemsVC.swift in Sources */,
				568C653920021D3B009CDFB3 /* AuthService.swift in Sources */,
				5613FE731FFA463500E65514 /* AddItemCell.swift in Sources */,
				56A91D9C1FFA73CB00DDA001 /* KeyboardLayoutConstraint.swift in Sources */,
				566E93AB203C255F00EA4A6A /* UIImageExt.swift in Sources */,
				561AEDEB200CE888001AD183 /* CustomUIButton.swift in Sources */,
				5617B9701FFB98D800836FCA /* GroupsCell.swift in Sources */,
				56ADA5E92008D43800F4FE71 /* FriendList.swift in Sources */,
				56BAD67120133A3600EFB572 /* Users.swift in Sources */,
				5617B96E1FFB98B000836FCA /* GroupsVC.swift in Sources */,
				56908849200A004C00D2CA0F /* MyMembersVC.swift in Sources */,
				565A35081FFF6B4400E30E4C /* ViewItemsCell.swift in Sources */,
				56F075A22014C191008D1CE4 /* UIImageViewExt.swift in Sources */,
				565466B51FFB7260006D6FE3 /* CustomUITextField.swift in Sources */,
				5617B96B1FFB97E500836FCA /* CustomUIImageView.swift in Sources */,
				568C653B20021D50009CDFB3 /* DataService.swift in Sources */,
				5617B9741FFBAA6300836FCA /* SearchUserVC.swift in Sources */,
				5617B9721FFBA26400836FCA /* CustomSearchTextField.swift in Sources */,
				562B13941FF7CCFC00323E3F /* HomeVC.swift in Sources */,
				562B13921FF7CCFC00323E3F /* AppDelegate.swift in Sources */,
				569665331FF8DD33002E7EC5 /* HomeCell.swift in Sources */,
				568C65442002268F009CDFB3 /* EmailLoginVC.swift in Sources */,
				566D59662003A01D0022FFC6 /* Groups.swift in Sources */,
			);
			runOnlyForDeploymentPostprocessing = 0;
		};
/* End PBXSourcesBuildPhase section */

/* Begin PBXVariantGroup section */
		562B13951FF7CCFC00323E3F /* Main.storyboard */ = {
			isa = PBXVariantGroup;
			children = (
				562B13961FF7CCFC00323E3F /* Base */,
			);
			name = Main.storyboard;
			sourceTree = "<group>";
		};
		562B139D1FF7CCFC00323E3F /* LaunchScreen.storyboard */ = {
			isa = PBXVariantGroup;
			children = (
				562B139E1FF7CCFC00323E3F /* Base */,
			);
			name = LaunchScreen.storyboard;
			sourceTree = "<group>";
		};
/* End PBXVariantGroup section */

/* Begin XCBuildConfiguration section */
		562B13A11FF7CCFC00323E3F /* Debug */ = {
			isa = XCBuildConfiguration;
			buildSettings = {
				ALWAYS_SEARCH_USER_PATHS = NO;
				CLANG_ANALYZER_NONNULL = YES;
				CLANG_ANALYZER_NUMBER_OBJECT_CONVERSION = YES_AGGRESSIVE;
				CLANG_CXX_LANGUAGE_STANDARD = "gnu++14";
				CLANG_CXX_LIBRARY = "libc++";
				CLANG_ENABLE_MODULES = YES;
				CLANG_ENABLE_OBJC_ARC = YES;
				CLANG_WARN_BLOCK_CAPTURE_AUTORELEASING = YES;
				CLANG_WARN_BOOL_CONVERSION = YES;
				CLANG_WARN_COMMA = YES;
				CLANG_WARN_CONSTANT_CONVERSION = YES;
				CLANG_WARN_DIRECT_OBJC_ISA_USAGE = YES_ERROR;
				CLANG_WARN_DOCUMENTATION_COMMENTS = YES;
				CLANG_WARN_EMPTY_BODY = YES;
				CLANG_WARN_ENUM_CONVERSION = YES;
				CLANG_WARN_INFINITE_RECURSION = YES;
				CLANG_WARN_INT_CONVERSION = YES;
				CLANG_WARN_NON_LITERAL_NULL_CONVERSION = YES;
				CLANG_WARN_OBJC_LITERAL_CONVERSION = YES;
				CLANG_WARN_OBJC_ROOT_CLASS = YES_ERROR;
				CLANG_WARN_RANGE_LOOP_ANALYSIS = YES;
				CLANG_WARN_STRICT_PROTOTYPES = YES;
				CLANG_WARN_SUSPICIOUS_MOVE = YES;
				CLANG_WARN_UNGUARDED_AVAILABILITY = YES_AGGRESSIVE;
				CLANG_WARN_UNREACHABLE_CODE = YES;
				CLANG_WARN__DUPLICATE_METHOD_MATCH = YES;
				CODE_SIGN_IDENTITY = "iPhone Developer";
				COPY_PHASE_STRIP = NO;
				DEBUG_INFORMATION_FORMAT = dwarf;
				ENABLE_STRICT_OBJC_MSGSEND = YES;
				ENABLE_TESTABILITY = YES;
				GCC_C_LANGUAGE_STANDARD = gnu11;
				GCC_DYNAMIC_NO_PIC = NO;
				GCC_NO_COMMON_BLOCKS = YES;
				GCC_OPTIMIZATION_LEVEL = 0;
				GCC_PREPROCESSOR_DEFINITIONS = (
					"DEBUG=1",
					"$(inherited)",
				);
				GCC_WARN_64_TO_32_BIT_CONVERSION = YES;
				GCC_WARN_ABOUT_RETURN_TYPE = YES_ERROR;
				GCC_WARN_UNDECLARED_SELECTOR = YES;
				GCC_WARN_UNINITIALIZED_AUTOS = YES_AGGRESSIVE;
				GCC_WARN_UNUSED_FUNCTION = YES;
				GCC_WARN_UNUSED_VARIABLE = YES;
				IPHONEOS_DEPLOYMENT_TARGET = 11.2;
				MTL_ENABLE_DEBUG_INFO = YES;
				ONLY_ACTIVE_ARCH = YES;
				SDKROOT = iphoneos;
				SWIFT_ACTIVE_COMPILATION_CONDITIONS = DEBUG;
				SWIFT_OPTIMIZATION_LEVEL = "-Onone";
			};
			name = Debug;
		};
		562B13A21FF7CCFC00323E3F /* Release */ = {
			isa = XCBuildConfiguration;
			buildSettings = {
				ALWAYS_SEARCH_USER_PATHS = NO;
				CLANG_ANALYZER_NONNULL = YES;
				CLANG_ANALYZER_NUMBER_OBJECT_CONVERSION = YES_AGGRESSIVE;
				CLANG_CXX_LANGUAGE_STANDARD = "gnu++14";
				CLANG_CXX_LIBRARY = "libc++";
				CLANG_ENABLE_MODULES = YES;
				CLANG_ENABLE_OBJC_ARC = YES;
				CLANG_WARN_BLOCK_CAPTURE_AUTORELEASING = YES;
				CLANG_WARN_BOOL_CONVERSION = YES;
				CLANG_WARN_COMMA = YES;
				CLANG_WARN_CONSTANT_CONVERSION = YES;
				CLANG_WARN_DIRECT_OBJC_ISA_USAGE = YES_ERROR;
				CLANG_WARN_DOCUMENTATION_COMMENTS = YES;
				CLANG_WARN_EMPTY_BODY = YES;
				CLANG_WARN_ENUM_CONVERSION = YES;
				CLANG_WARN_INFINITE_RECURSION = YES;
				CLANG_WARN_INT_CONVERSION = YES;
				CLANG_WARN_NON_LITERAL_NULL_CONVERSION = YES;
				CLANG_WARN_OBJC_LITERAL_CONVERSION = YES;
				CLANG_WARN_OBJC_ROOT_CLASS = YES_ERROR;
				CLANG_WARN_RANGE_LOOP_ANALYSIS = YES;
				CLANG_WARN_STRICT_PROTOTYPES = YES;
				CLANG_WARN_SUSPICIOUS_MOVE = YES;
				CLANG_WARN_UNGUARDED_AVAILABILITY = YES_AGGRESSIVE;
				CLANG_WARN_UNREACHABLE_CODE = YES;
				CLANG_WARN__DUPLICATE_METHOD_MATCH = YES;
				CODE_SIGN_IDENTITY = "iPhone Developer";
				COPY_PHASE_STRIP = NO;
				DEBUG_INFORMATION_FORMAT = "dwarf-with-dsym";
				ENABLE_NS_ASSERTIONS = NO;
				ENABLE_STRICT_OBJC_MSGSEND = YES;
				GCC_C_LANGUAGE_STANDARD = gnu11;
				GCC_NO_COMMON_BLOCKS = YES;
				GCC_WARN_64_TO_32_BIT_CONVERSION = YES;
				GCC_WARN_ABOUT_RETURN_TYPE = YES_ERROR;
				GCC_WARN_UNDECLARED_SELECTOR = YES;
				GCC_WARN_UNINITIALIZED_AUTOS = YES_AGGRESSIVE;
				GCC_WARN_UNUSED_FUNCTION = YES;
				GCC_WARN_UNUSED_VARIABLE = YES;
				IPHONEOS_DEPLOYMENT_TARGET = 11.2;
				MTL_ENABLE_DEBUG_INFO = NO;
				SDKROOT = iphoneos;
				SWIFT_OPTIMIZATION_LEVEL = "-Owholemodule";
				VALIDATE_PRODUCT = YES;
			};
			name = Release;
		};
		562B13A41FF7CCFC00323E3F /* Debug */ = {
			isa = XCBuildConfiguration;
			baseConfigurationReference = 81797BC50F8621E033349F6D /* Pods-groChecklist.debug.xcconfig */;
			buildSettings = {
				ASSETCATALOG_COMPILER_APPICON_NAME = AppIcon;
				CODE_SIGN_STYLE = Automatic;
				DEVELOPMENT_TEAM = DUBNSGSGKR;
				INFOPLIST_FILE = groChecklist/Info.plist;
				IPHONEOS_DEPLOYMENT_TARGET = 11.2;
				LD_RUNPATH_SEARCH_PATHS = "$(inherited) @executable_path/Frameworks";
				PRODUCT_BUNDLE_IDENTIFIER = com.Spokhrel.groChecklist;
				PRODUCT_NAME = "$(TARGET_NAME)";
				SWIFT_VERSION = 4.0;
				TARGETED_DEVICE_FAMILY = 1;
			};
			name = Debug;
		};
		562B13A51FF7CCFC00323E3F /* Release */ = {
			isa = XCBuildConfiguration;
			baseConfigurationReference = 3E50FCD510834182754B2A9C /* Pods-groChecklist.release.xcconfig */;
			buildSettings = {
				ASSETCATALOG_COMPILER_APPICON_NAME = AppIcon;
				CODE_SIGN_STYLE = Automatic;
				DEVELOPMENT_TEAM = DUBNSGSGKR;
				INFOPLIST_FILE = groChecklist/Info.plist;
				IPHONEOS_DEPLOYMENT_TARGET = 11.2;
				LD_RUNPATH_SEARCH_PATHS = "$(inherited) @executable_path/Frameworks";
				PRODUCT_BUNDLE_IDENTIFIER = com.Spokhrel.groChecklist;
				PRODUCT_NAME = "$(TARGET_NAME)";
				SWIFT_VERSION = 4.0;
				TARGETED_DEVICE_FAMILY = 1;
			};
			name = Release;
		};
/* End XCBuildConfiguration section */

/* Begin XCConfigurationList section */
		562B13891FF7CCFC00323E3F /* Build configuration list for PBXProject "groChecklist" */ = {
			isa = XCConfigurationList;
			buildConfigurations = (
				562B13A11FF7CCFC00323E3F /* Debug */,
				562B13A21FF7CCFC00323E3F /* Release */,
			);
			defaultConfigurationIsVisible = 0;
			defaultConfigurationName = Release;
		};
		562B13A31FF7CCFC00323E3F /* Build configuration list for PBXNativeTarget "groChecklist" */ = {
			isa = XCConfigurationList;
			buildConfigurations = (
				562B13A41FF7CCFC00323E3F /* Debug */,
				562B13A51FF7CCFC00323E3F /* Release */,
			);
			defaultConfigurationIsVisible = 0;
			defaultConfigurationName = Release;
		};
/* End XCConfigurationList section */

/* Begin XCVersionGroup section */
		562B13981FF7CCFC00323E3F /* groChecklist.xcdatamodeld */ = {
			isa = XCVersionGroup;
			children = (
				562B13991FF7CCFC00323E3F /* groChecklist.xcdatamodel */,
			);
			currentVersion = 562B13991FF7CCFC00323E3F /* groChecklist.xcdatamodel */;
			path = groChecklist.xcdatamodeld;
			sourceTree = "<group>";
			versionGroupType = wrapper.xcdatamodel;
		};
/* End XCVersionGroup section */
	};
	rootObject = 562B13861FF7CCFC00323E3F /* Project object */;
}
